
Microsoft Visual Studio Solution File, Format Version 12.00
# Visual Studio Version 16
VisualStudioVersion = 16.0.29920.165
MinimumVisualStudioVersion = 10.0.40219.1
Project("{FAE04EC0-301F-11D3-BF4B-00C04F79EFBC}") = "Yanina Perez 2C _ Primer Parcial", "Yanina Perez 2C _ Primer Parcial\Yanina Perez 2C _ Primer Parcial.csproj", "{714BE8A1-6195-4D38-8E52-C1C000864107}"
EndProject
Project("{FAE04EC0-301F-11D3-BF4B-00C04F79EFBC}") = "Entidades", "Entidades\Entidades.csproj", "{F35FFD0A-F7BB-46AF-8FC0-3A96865A7660}"
EndProject
Project("{FAE04EC0-301F-11D3-BF4B-00C04F79EFBC}") = "FormulariosDelParcial", "FormulariosDelParcial\FormulariosDelParcial.csproj", "{EBB64E18-55DD-4DFD-AEF9-24AF67D824FF}"
EndProject
Global
	GlobalSection(SolutionConfigurationPlatforms) = preSolution
		Debug|Any CPU = Debug|Any CPU
		Release|Any CPU = Release|Any CPU
	EndGlobalSection
	GlobalSection(ProjectConfigurationPlatforms) = postSolution
		{714BE8A1-6195-4D38-8E52-C1C000864107}.Debug|Any CPU.ActiveCfg = Debug|Any CPU
		{714BE8A1-6195-4D38-8E52-C1C000864107}.Debug|Any CPU.Build.0 = Debug|Any CPU
		{714BE8A1-6195-4D38-8E52-C1C000864107}.Release|Any CPU.ActiveCfg = Release|Any CPU
		{714BE8A1-6195-4D38-8E52-C1C000864107}.Release|Any CPU.Build.0 = Release|Any CPU
		{F35FFD0A-F7BB-46AF-8FC0-3A96865A7660}.Debug|Any CPU.ActiveCfg = Debug|Any CPU
		{F35FFD0A-F7BB-46AF-8FC0-3A96865A7660}.Debug|Any CPU.Build.0 = Debug|Any CPU
		{F35FFD0A-F7BB-46AF-8FC0-3A96865A7660}.Release|Any CPU.ActiveCfg = Release|Any CPU
		{F35FFD0A-F7BB-46AF-8FC0-3A96865A7660}.Release|Any CPU.Build.0 = Release|Any CPU
		{EBB64E18-55DD-4DFD-AEF9-24AF67D824FF}.Debug|Any CPU.ActiveCfg = Debug|Any CPU
		{EBB64E18-55DD-4DFD-AEF9-24AF67D824FF}.Debug|Any CPU.Build.0 = Debug|Any CPU
		{EBB64E18-55DD-4DFD-AEF9-24AF67D824FF}.Release|Any CPU.ActiveCfg = Release|Any CPU
		{EBB64E18-55DD-4DFD-AEF9-24AF67D824FF}.Release|Any CPU.Build.0 = Release|Any CPU
	EndGlobalSection
	GlobalSection(SolutionProperties) = preSolution
		HideSolutionNode = FALSE
	EndGlobalSection
	GlobalSection(ExtensibilityGlobals) = postSolution
		SolutionGuid = {DDE53557-285B-4C7A-ABB5-8A9E93D7BD4C}
	EndGlobalSection
EndGlobal
